// !$*UTF8*$!
{
	archiveVersion = 1;
	classes = {
	};
	objectVersion = 46;
	objects = {

/* Begin PBXBuildFile section */
		3F0FD7B617A2C3EB00C85AD2 /* background.png in Resources */ = {isa = PBXBuildFile; fileRef = 3F0FD7B517A2C3EB00C85AD2 /* background.png */; };
		3F0FD7CD17A2C5FB00C85AD2 /* barn.png in Resources */ = {isa = PBXBuildFile; fileRef = 3F0FD7B717A2C5FB00C85AD2 /* barn.png */; };
		3F0FD7CE17A2C5FB00C85AD2 /* bush.png in Resources */ = {isa = PBXBuildFile; fileRef = 3F0FD7B817A2C5FB00C85AD2 /* bush.png */; };
		3F0FD7CF17A2C5FB00C85AD2 /* chicken_fried.png in Resources */ = {isa = PBXBuildFile; fileRef = 3F0FD7B917A2C5FB00C85AD2 /* chicken_fried.png */; };
		3F0FD7D017A2C5FB00C85AD2 /* chicken.png in Resources */ = {isa = PBXBuildFile; fileRef = 3F0FD7BA17A2C5FB00C85AD2 /* chicken.png */; };
		3F0FD7D117A2C5FB00C85AD2 /* bot.png in Resources */ = {isa = PBXBuildFile; fileRef = 3F0FD7BB17A2C5FB00C85AD2 /* bot.png */; };
		3F0FD7D217A2C5FB00C85AD2 /* death_bot.png in Resources */ = {isa = PBXBuildFile; fileRef = 3F0FD7BC17A2C5FB00C85AD2 /* death_bot.png */; };
		3F0FD7D317A2C5FB00C85AD2 /* Default-568h@2x.png in Resources */ = {isa = PBXBuildFile; fileRef = 3F0FD7BD17A2C5FB00C85AD2 /* Default-568h@2x.png */; };
		3F0FD7D417A2C5FB00C85AD2 /* Default.png in Resources */ = {isa = PBXBuildFile; fileRef = 3F0FD7BE17A2C5FB00C85AD2 /* Default.png */; };
		3F0FD7D517A2C5FB00C85AD2 /* Default@2x.png in Resources */ = {isa = PBXBuildFile; fileRef = 3F0FD7BF17A2C5FB00C85AD2 /* Default@2x.png */; };
		3F0FD7D617A2C5FB00C85AD2 /* game_over.png in Resources */ = {isa = PBXBuildFile; fileRef = 3F0FD7C017A2C5FB00C85AD2 /* game_over.png */; };
		3F0FD7D717A2C5FB00C85AD2 /* glyphicons-halflings-white.png in Resources */ = {isa = PBXBuildFile; fileRef = 3F0FD7C117A2C5FB00C85AD2 /* glyphicons-halflings-white.png */; };
		3F0FD7D817A2C5FB00C85AD2 /* glyphicons-halflings.png in Resources */ = {isa = PBXBuildFile; fileRef = 3F0FD7C217A2C5FB00C85AD2 /* glyphicons-halflings.png */; };
		3F0FD7D917A2C5FB00C85AD2 /* hay_cart-clear.png in Resources */ = {isa = PBXBuildFile; fileRef = 3F0FD7C317A2C5FB00C85AD2 /* hay_cart-clear.png */; };
		3F0FD7DA17A2C5FB00C85AD2 /* hay_cart.png in Resources */ = {isa = PBXBuildFile; fileRef = 3F0FD7C417A2C5FB00C85AD2 /* hay_cart.png */; };
		3F0FD7DB17A2C5FB00C85AD2 /* next_level.png in Resources */ = {isa = PBXBuildFile; fileRef = 3F0FD7C517A2C5FB00C85AD2 /* next_level.png */; };
		3F0FD7DC17A2C5FB00C85AD2 /* rock.png in Resources */ = {isa = PBXBuildFile; fileRef = 3F0FD7C617A2C5FB00C85AD2 /* rock.png */; };
		3F0FD7DD17A2C5FB00C85AD2 /* seed_faded.png in Resources */ = {isa = PBXBuildFile; fileRef = 3F0FD7C717A2C5FB00C85AD2 /* seed_faded.png */; };
		3F0FD7DE17A2C5FB00C85AD2 /* seed_gold.png in Resources */ = {isa = PBXBuildFile; fileRef = 3F0FD7C817A2C5FB00C85AD2 /* seed_gold.png */; };
		3F0FD7DF17A2C5FB00C85AD2 /* seed.png in Resources */ = {isa = PBXBuildFile; fileRef = 3F0FD7C917A2C5FB00C85AD2 /* seed.png */; };
		3F0FD7E017A2C5FB00C85AD2 /* splash.png in Resources */ = {isa = PBXBuildFile; fileRef = 3F0FD7CA17A2C5FB00C85AD2 /* splash.png */; };
		3F0FD7E117A2C5FB00C85AD2 /* title.png in Resources */ = {isa = PBXBuildFile; fileRef = 3F0FD7CB17A2C5FB00C85AD2 /* title.png */; };
		3F0FD7E217A2C5FB00C85AD2 /* tree.png in Resources */ = {isa = PBXBuildFile; fileRef = 3F0FD7CC17A2C5FB00C85AD2 /* tree.png */; };
		3F384BCF17A05238005F2D23 /* levels@1x.json in Resources */ = {isa = PBXBuildFile; fileRef = 3F384BCE17A05238005F2D23 /* levels@1x.json */; };
		3F55100417A0108100829498 /* Entity.m in Sources */ = {isa = PBXBuildFile; fileRef = 3F55100317A0108100829498 /* Entity.m */; };
		3F7F6E7B179F12C500CBFC43 /* UIKit.framework in Frameworks */ = {isa = PBXBuildFile; fileRef = 3F7F6E7A179F12C500CBFC43 /* UIKit.framework */; };
		3F7F6E7D179F12C500CBFC43 /* Foundation.framework in Frameworks */ = {isa = PBXBuildFile; fileRef = 3F7F6E7C179F12C500CBFC43 /* Foundation.framework */; };
		3F7F6E7F179F12C500CBFC43 /* CoreGraphics.framework in Frameworks */ = {isa = PBXBuildFile; fileRef = 3F7F6E7E179F12C500CBFC43 /* CoreGraphics.framework */; };
		3F7F6E85179F12C500CBFC43 /* InfoPlist.strings in Resources */ = {isa = PBXBuildFile; fileRef = 3F7F6E83179F12C500CBFC43 /* InfoPlist.strings */; };
		3F7F6E87179F12C500CBFC43 /* main.m in Sources */ = {isa = PBXBuildFile; fileRef = 3F7F6E86179F12C500CBFC43 /* main.m */; };
		3F7F6E8B179F12C500CBFC43 /* AppDelegate.m in Sources */ = {isa = PBXBuildFile; fileRef = 3F7F6E8A179F12C500CBFC43 /* AppDelegate.m */; };
		3F7F6E8D179F12C600CBFC43 /* Default.png in Resources */ = {isa = PBXBuildFile; fileRef = 3F7F6E8C179F12C600CBFC43 /* Default.png */; };
		3F7F6E8F179F12C600CBFC43 /* Default@2x.png in Resources */ = {isa = PBXBuildFile; fileRef = 3F7F6E8E179F12C600CBFC43 /* Default@2x.png */; };
		3F7F6E91179F12C600CBFC43 /* Default-568h@2x.png in Resources */ = {isa = PBXBuildFile; fileRef = 3F7F6E90179F12C600CBFC43 /* Default-568h@2x.png */; };
		3F7F6E94179F12C600CBFC43 /* MainStoryboard_iPhone.storyboard in Resources */ = {isa = PBXBuildFile; fileRef = 3F7F6E92179F12C600CBFC43 /* MainStoryboard_iPhone.storyboard */; };
		3F7F6E97179F12C600CBFC43 /* ViewController.m in Sources */ = {isa = PBXBuildFile; fileRef = 3F7F6E96179F12C600CBFC43 /* ViewController.m */; };
		3F7F6EA2179F1B3E00CBFC43 /* Player.m in Sources */ = {isa = PBXBuildFile; fileRef = 3F7F6EA1179F1B3E00CBFC43 /* Player.m */; };
		3F9CA63F17A83A4C000E8F2A /* MainStoryboard_iPad.storyboard in Resources */ = {isa = PBXBuildFile; fileRef = 3F9CA63E17A83A4C000E8F2A /* MainStoryboard_iPad.storyboard */; };
		3F9CA64117A8412C000E8F2A /* levels@2x.json in Resources */ = {isa = PBXBuildFile; fileRef = 3F9CA64017A8412C000E8F2A /* levels@2x.json */; };
		3F9CA64317A8415E000E8F2A /* ents@2x.json in Resources */ = {isa = PBXBuildFile; fileRef = 3F9CA64217A8415E000E8F2A /* ents@2x.json */; };
		3FD6CC8917A6A544005BA5BB /* ents@1x.json in Resources */ = {isa = PBXBuildFile; fileRef = 3FD6CC8817A6A544005BA5BB /* ents@1x.json */; };
/* End PBXBuildFile section */

/* Begin PBXFileReference section */
		3F0FD7B517A2C3EB00C85AD2 /* background.png */ = {isa = PBXFileReference; lastKnownFileType = image.png; path = background.png; sourceTree = "<group>"; };
		3F0FD7B717A2C5FB00C85AD2 /* barn.png */ = {isa = PBXFileReference; lastKnownFileType = image.png; path = barn.png; sourceTree = "<group>"; };
		3F0FD7B817A2C5FB00C85AD2 /* bush.png */ = {isa = PBXFileReference; lastKnownFileType = image.png; path = bush.png; sourceTree = "<group>"; };
		3F0FD7B917A2C5FB00C85AD2 /* chicken_fried.png */ = {isa = PBXFileReference; lastKnownFileType = image.png; path = chicken_fried.png; sourceTree = "<group>"; };
		3F0FD7BA17A2C5FB00C85AD2 /* chicken.png */ = {isa = PBXFileReference; lastKnownFileType = image.png; path = chicken.png; sourceTree = "<group>"; };
		3F0FD7BB17A2C5FB00C85AD2 /* bot.png */ = {isa = PBXFileReference; lastKnownFileType = image.png; path = bot.png; sourceTree = "<group>"; };
		3F0FD7BC17A2C5FB00C85AD2 /* death_bot.png */ = {isa = PBXFileReference; lastKnownFileType = image.png; path = death_bot.png; sourceTree = "<group>"; };
		3F0FD7BD17A2C5FB00C85AD2 /* Default-568h@2x.png */ = {isa = PBXFileReference; lastKnownFileType = image.png; path = "Default-568h@2x.png"; sourceTree = "<group>"; };
		3F0FD7BE17A2C5FB00C85AD2 /* Default.png */ = {isa = PBXFileReference; lastKnownFileType = image.png; path = Default.png; sourceTree = "<group>"; };
		3F0FD7BF17A2C5FB00C85AD2 /* Default@2x.png */ = {isa = PBXFileReference; lastKnownFileType = image.png; path = "Default@2x.png"; sourceTree = "<group>"; };
		3F0FD7C017A2C5FB00C85AD2 /* game_over.png */ = {isa = PBXFileReference; lastKnownFileType = image.png; path = game_over.png; sourceTree = "<group>"; };
		3F0FD7C117A2C5FB00C85AD2 /* glyphicons-halflings-white.png */ = {isa = PBXFileReference; lastKnownFileType = image.png; path = "glyphicons-halflings-white.png"; sourceTree = "<group>"; };
		3F0FD7C217A2C5FB00C85AD2 /* glyphicons-halflings.png */ = {isa = PBXFileReference; lastKnownFileType = image.png; path = "glyphicons-halflings.png"; sourceTree = "<group>"; };
		3F0FD7C317A2C5FB00C85AD2 /* hay_cart-clear.png */ = {isa = PBXFileReference; lastKnownFileType = image.png; path = "hay_cart-clear.png"; sourceTree = "<group>"; };
		3F0FD7C417A2C5FB00C85AD2 /* hay_cart.png */ = {isa = PBXFileReference; lastKnownFileType = image.png; path = hay_cart.png; sourceTree = "<group>"; };
		3F0FD7C517A2C5FB00C85AD2 /* next_level.png */ = {isa = PBXFileReference; lastKnownFileType = image.png; path = next_level.png; sourceTree = "<group>"; };
		3F0FD7C617A2C5FB00C85AD2 /* rock.png */ = {isa = PBXFileReference; lastKnownFileType = image.png; path = rock.png; sourceTree = "<group>"; };
		3F0FD7C717A2C5FB00C85AD2 /* seed_faded.png */ = {isa = PBXFileReference; lastKnownFileType = image.png; path = seed_faded.png; sourceTree = "<group>"; };
		3F0FD7C817A2C5FB00C85AD2 /* seed_gold.png */ = {isa = PBXFileReference; lastKnownFileType = image.png; path = seed_gold.png; sourceTree = "<group>"; };
		3F0FD7C917A2C5FB00C85AD2 /* seed.png */ = {isa = PBXFileReference; lastKnownFileType = image.png; path = seed.png; sourceTree = "<group>"; };
		3F0FD7CA17A2C5FB00C85AD2 /* splash.png */ = {isa = PBXFileReference; lastKnownFileType = image.png; path = splash.png; sourceTree = "<group>"; };
		3F0FD7CB17A2C5FB00C85AD2 /* title.png */ = {isa = PBXFileReference; lastKnownFileType = image.png; path = title.png; sourceTree = "<group>"; };
		3F0FD7CC17A2C5FB00C85AD2 /* tree.png */ = {isa = PBXFileReference; lastKnownFileType = image.png; path = tree.png; sourceTree = "<group>"; };
		3F384BCE17A05238005F2D23 /* levels@1x.json */ = {isa = PBXFileReference; fileEncoding = 4; lastKnownFileType = text.json; path = "levels@1x.json"; sourceTree = "<group>"; };
		3F55100217A0108100829498 /* Entity.h */ = {isa = PBXFileReference; fileEncoding = 4; lastKnownFileType = sourcecode.c.h; path = Entity.h; sourceTree = "<group>"; };
		3F55100317A0108100829498 /* Entity.m */ = {isa = PBXFileReference; fileEncoding = 4; lastKnownFileType = sourcecode.c.objc; path = Entity.m; sourceTree = "<group>"; };
		3F7F6E77179F12C500CBFC43 /* simpleGame.app */ = {isa = PBXFileReference; explicitFileType = wrapper.application; includeInIndex = 0; path = simpleGame.app; sourceTree = BUILT_PRODUCTS_DIR; };
		3F7F6E7A179F12C500CBFC43 /* UIKit.framework */ = {isa = PBXFileReference; lastKnownFileType = wrapper.framework; name = UIKit.framework; path = System/Library/Frameworks/UIKit.framework; sourceTree = SDKROOT; };
		3F7F6E7C179F12C500CBFC43 /* Foundation.framework */ = {isa = PBXFileReference; lastKnownFileType = wrapper.framework; name = Foundation.framework; path = System/Library/Frameworks/Foundation.framework; sourceTree = SDKROOT; };
		3F7F6E7E179F12C500CBFC43 /* CoreGraphics.framework */ = {isa = PBXFileReference; lastKnownFileType = wrapper.framework; name = CoreGraphics.framework; path = System/Library/Frameworks/CoreGraphics.framework; sourceTree = SDKROOT; };
		3F7F6E82179F12C500CBFC43 /* simpleGame-Info.plist */ = {isa = PBXFileReference; lastKnownFileType = text.plist.xml; path = "simpleGame-Info.plist"; sourceTree = "<group>"; };
		3F7F6E84179F12C500CBFC43 /* en */ = {isa = PBXFileReference; lastKnownFileType = text.plist.strings; name = en; path = en.lproj/InfoPlist.strings; sourceTree = "<group>"; };
		3F7F6E86179F12C500CBFC43 /* main.m */ = {isa = PBXFileReference; lastKnownFileType = sourcecode.c.objc; path = main.m; sourceTree = "<group>"; };
		3F7F6E88179F12C500CBFC43 /* simpleGame-Prefix.pch */ = {isa = PBXFileReference; lastKnownFileType = sourcecode.c.h; path = "simpleGame-Prefix.pch"; sourceTree = "<group>"; };
		3F7F6E89179F12C500CBFC43 /* AppDelegate.h */ = {isa = PBXFileReference; lastKnownFileType = sourcecode.c.h; path = AppDelegate.h; sourceTree = "<group>"; };
		3F7F6E8A179F12C500CBFC43 /* AppDelegate.m */ = {isa = PBXFileReference; lastKnownFileType = sourcecode.c.objc; path = AppDelegate.m; sourceTree = "<group>"; };
		3F7F6E8C179F12C600CBFC43 /* Default.png */ = {isa = PBXFileReference; lastKnownFileType = image.png; path = Default.png; sourceTree = "<group>"; };
		3F7F6E8E179F12C600CBFC43 /* Default@2x.png */ = {isa = PBXFileReference; lastKnownFileType = image.png; path = "Default@2x.png"; sourceTree = "<group>"; };
		3F7F6E90179F12C600CBFC43 /* Default-568h@2x.png */ = {isa = PBXFileReference; lastKnownFileType = image.png; path = "Default-568h@2x.png"; sourceTree = "<group>"; };
		3F7F6E93179F12C600CBFC43 /* en */ = {isa = PBXFileReference; lastKnownFileType = file.storyboard; name = en; path = en.lproj/MainStoryboard_iPhone.storyboard; sourceTree = "<group>"; };
		3F7F6E95179F12C600CBFC43 /* ViewController.h */ = {isa = PBXFileReference; lastKnownFileType = sourcecode.c.h; path = ViewController.h; sourceTree = "<group>"; };
		3F7F6E96179F12C600CBFC43 /* ViewController.m */ = {isa = PBXFileReference; lastKnownFileType = sourcecode.c.objc; path = ViewController.m; sourceTree = "<group>"; };
		3F7F6EA0179F1B3E00CBFC43 /* Player.h */ = {isa = PBXFileReference; fileEncoding = 4; lastKnownFileType = sourcecode.c.h; path = Player.h; sourceTree = "<group>"; };
		3F7F6EA1179F1B3E00CBFC43 /* Player.m */ = {isa = PBXFileReference; fileEncoding = 4; lastKnownFileType = sourcecode.c.objc; path = Player.m; sourceTree = "<group>"; };
		3F9CA63E17A83A4C000E8F2A /* MainStoryboard_iPad.storyboard */ = {isa = PBXFileReference; fileEncoding = 4; lastKnownFileType = file.storyboard; path = MainStoryboard_iPad.storyboard; sourceTree = "<group>"; };
		3F9CA64017A8412C000E8F2A /* levels@2x.json */ = {isa = PBXFileReference; fileEncoding = 4; lastKnownFileType = text.json; path = "levels@2x.json"; sourceTree = "<group>"; };
		3F9CA64217A8415E000E8F2A /* ents@2x.json */ = {isa = PBXFileReference; fileEncoding = 4; lastKnownFileType = text.json; path = "ents@2x.json"; sourceTree = "<group>"; };
		3FD6CC8817A6A544005BA5BB /* ents@1x.json */ = {isa = PBXFileReference; fileEncoding = 4; lastKnownFileType = text.json; path = "ents@1x.json"; sourceTree = "<group>"; };
/* End PBXFileReference section */

/* Begin PBXFrameworksBuildPhase section */
		3F7F6E74179F12C500CBFC43 /* Frameworks */ = {
			isa = PBXFrameworksBuildPhase;
			buildActionMask = 2147483647;
			files = (
				3F7F6E7B179F12C500CBFC43 /* UIKit.framework in Frameworks */,
				3F7F6E7D179F12C500CBFC43 /* Foundation.framework in Frameworks */,
				3F7F6E7F179F12C500CBFC43 /* CoreGraphics.framework in Frameworks */,
			);
			runOnlyForDeploymentPostprocessing = 0;
		};
/* End PBXFrameworksBuildPhase section */

/* Begin PBXGroup section */
		3F55100117A0106C00829498 /* Entities */ = {
			isa = PBXGroup;
			children = (
			);
			name = Entities;
			sourceTree = "<group>";
		};
		3F55100A17A034F600829498 /* img */ = {
			isa = PBXGroup;
			children = (
				3F0FD7B717A2C5FB00C85AD2 /* barn.png */,
				3F0FD7B817A2C5FB00C85AD2 /* bush.png */,
				3F0FD7B917A2C5FB00C85AD2 /* chicken_fried.png */,
				3F0FD7BA17A2C5FB00C85AD2 /* chicken.png */,
				3F0FD7BB17A2C5FB00C85AD2 /* bot.png */,
				3F0FD7BC17A2C5FB00C85AD2 /* death_bot.png */,
				3F0FD7BD17A2C5FB00C85AD2 /* Default-568h@2x.png */,
				3F0FD7BE17A2C5FB00C85AD2 /* Default.png */,
				3F0FD7BF17A2C5FB00C85AD2 /* Default@2x.png */,
				3F0FD7C017A2C5FB00C85AD2 /* game_over.png */,
				3F0FD7C117A2C5FB00C85AD2 /* glyphicons-halflings-white.png */,
				3F0FD7C217A2C5FB00C85AD2 /* glyphicons-halflings.png */,
				3F0FD7C317A2C5FB00C85AD2 /* hay_cart-clear.png */,
				3F0FD7C417A2C5FB00C85AD2 /* hay_cart.png */,
				3F0FD7C517A2C5FB00C85AD2 /* next_level.png */,
				3F0FD7C617A2C5FB00C85AD2 /* rock.png */,
				3F0FD7C717A2C5FB00C85AD2 /* seed_faded.png */,
				3F0FD7C817A2C5FB00C85AD2 /* seed_gold.png */,
				3F0FD7C917A2C5FB00C85AD2 /* seed.png */,
				3F0FD7CA17A2C5FB00C85AD2 /* splash.png */,
				3F0FD7CB17A2C5FB00C85AD2 /* title.png */,
				3F0FD7CC17A2C5FB00C85AD2 /* tree.png */,
				3F0FD7B517A2C3EB00C85AD2 /* background.png */,
			);
			name = img;
			sourceTree = "<group>";
		};
		3F7F6E6E179F12C500CBFC43 = {
			isa = PBXGroup;
			children = (
				3F7F6E80179F12C500CBFC43 /* simpleGame */,
				3F7F6E79179F12C500CBFC43 /* Frameworks */,
				3F7F6E78179F12C500CBFC43 /* Products */,
			);
			sourceTree = "<group>";
		};
		3F7F6E78179F12C500CBFC43 /* Products */ = {
			isa = PBXGroup;
			children = (
				3F7F6E77179F12C500CBFC43 /* simpleGame.app */,
			);
			name = Products;
			sourceTree = "<group>";
		};
		3F7F6E79179F12C500CBFC43 /* Frameworks */ = {
			isa = PBXGroup;
			children = (
				3F7F6E7A179F12C500CBFC43 /* UIKit.framework */,
				3F7F6E7C179F12C500CBFC43 /* Foundation.framework */,
				3F7F6E7E179F12C500CBFC43 /* CoreGraphics.framework */,
			);
			name = Frameworks;
			sourceTree = "<group>";
		};
		3F7F6E80179F12C500CBFC43 /* simpleGame */ = {
			isa = PBXGroup;
			children = (
				3F7F6E89179F12C500CBFC43 /* AppDelegate.h */,
				3F7F6E8A179F12C500CBFC43 /* AppDelegate.m */,
				3F7F6E92179F12C600CBFC43 /* MainStoryboard_iPhone.storyboard */,
				3F9CA63E17A83A4C000E8F2A /* MainStoryboard_iPad.storyboard */,
				3F7F6E95179F12C600CBFC43 /* ViewController.h */,
				3F7F6E96179F12C600CBFC43 /* ViewController.m */,
				3F7F6EA0179F1B3E00CBFC43 /* Player.h */,
				3F7F6EA1179F1B3E00CBFC43 /* Player.m */,
				3F55100217A0108100829498 /* Entity.h */,
				3F55100317A0108100829498 /* Entity.m */,
				3F384BCE17A05238005F2D23 /* levels@1x.json */,
				3F9CA64017A8412C000E8F2A /* levels@2x.json */,
				3FD6CC8817A6A544005BA5BB /* ents@1x.json */,
				3F9CA64217A8415E000E8F2A /* ents@2x.json */,
				3F55100117A0106C00829498 /* Entities */,
				3F55100A17A034F600829498 /* img */,
				3F7F6E81179F12C500CBFC43 /* Supporting Files */,
			);
			path = simpleGame;
			sourceTree = "<group>";
		};
		3F7F6E81179F12C500CBFC43 /* Supporting Files */ = {
			isa = PBXGroup;
			children = (
				3F7F6E82179F12C500CBFC43 /* simpleGame-Info.plist */,
				3F7F6E83179F12C500CBFC43 /* InfoPlist.strings */,
				3F7F6E86179F12C500CBFC43 /* main.m */,
				3F7F6E88179F12C500CBFC43 /* simpleGame-Prefix.pch */,
				3F7F6E8C179F12C600CBFC43 /* Default.png */,
				3F7F6E8E179F12C600CBFC43 /* Default@2x.png */,
				3F7F6E90179F12C600CBFC43 /* Default-568h@2x.png */,
			);
			name = "Supporting Files";
			sourceTree = "<group>";
		};
/* End PBXGroup section */

/* Begin PBXNativeTarget section */
		3F7F6E76179F12C500CBFC43 /* simpleGame */ = {
			isa = PBXNativeTarget;
			buildConfigurationList = 3F7F6E9A179F12C600CBFC43 /* Build configuration list for PBXNativeTarget "simpleGame" */;
			buildPhases = (
				3F7F6E73179F12C500CBFC43 /* Sources */,
				3F7F6E74179F12C500CBFC43 /* Frameworks */,
				3F7F6E75179F12C500CBFC43 /* Resources */,
			);
			buildRules = (
			);
			dependencies = (
			);
			name = simpleGame;
			productName = simpleGame;
			productReference = 3F7F6E77179F12C500CBFC43 /* simpleGame.app */;
			productType = "com.apple.product-type.application";
		};
/* End PBXNativeTarget section */

/* Begin PBXProject section */
		3F7F6E6F179F12C500CBFC43 /* Project object */ = {
			isa = PBXProject;
			attributes = {
				LastUpgradeCheck = 0460;
				ORGANIZATIONNAME = "iD Student";
			};
			buildConfigurationList = 3F7F6E72179F12C500CBFC43 /* Build configuration list for PBXProject "simpleGame" */;
			compatibilityVersion = "Xcode 3.2";
			developmentRegion = English;
			hasScannedForEncodings = 0;
			knownRegions = (
				en,
			);
			mainGroup = 3F7F6E6E179F12C500CBFC43;
			productRefGroup = 3F7F6E78179F12C500CBFC43 /* Products */;
			projectDirPath = "";
			projectRoot = "";
			targets = (
				3F7F6E76179F12C500CBFC43 /* simpleGame */,
			);
		};
/* End PBXProject section */

/* Begin PBXResourcesBuildPhase section */
		3F7F6E75179F12C500CBFC43 /* Resources */ = {
			isa = PBXResourcesBuildPhase;
			buildActionMask = 2147483647;
			files = (
				3F7F6E85179F12C500CBFC43 /* InfoPlist.strings in Resources */,
				3F7F6E8D179F12C600CBFC43 /* Default.png in Resources */,
				3F7F6E8F179F12C600CBFC43 /* Default@2x.png in Resources */,
				3F7F6E91179F12C600CBFC43 /* Default-568h@2x.png in Resources */,
				3F7F6E94179F12C600CBFC43 /* MainStoryboard_iPhone.storyboard in Resources */,
				3F384BCF17A05238005F2D23 /* levels@1x.json in Resources */,
				3F0FD7B617A2C3EB00C85AD2 /* background.png in Resources */,
				3F0FD7CD17A2C5FB00C85AD2 /* barn.png in Resources */,
				3F0FD7CE17A2C5FB00C85AD2 /* bush.png in Resources */,
				3F0FD7CF17A2C5FB00C85AD2 /* chicken_fried.png in Resources */,
				3F0FD7D017A2C5FB00C85AD2 /* chicken.png in Resources */,
				3F0FD7D117A2C5FB00C85AD2 /* bot.png in Resources */,
				3F0FD7D217A2C5FB00C85AD2 /* death_bot.png in Resources */,
				3F0FD7D317A2C5FB00C85AD2 /* Default-568h@2x.png in Resources */,
				3F0FD7D417A2C5FB00C85AD2 /* Default.png in Resources */,
				3F0FD7D517A2C5FB00C85AD2 /* Default@2x.png in Resources */,
				3F0FD7D617A2C5FB00C85AD2 /* game_over.png in Resources */,
				3F0FD7D717A2C5FB00C85AD2 /* glyphicons-halflings-white.png in Resources */,
				3F0FD7D817A2C5FB00C85AD2 /* glyphicons-halflings.png in Resources */,
				3F0FD7D917A2C5FB00C85AD2 /* hay_cart-clear.png in Resources */,
				3F0FD7DA17A2C5FB00C85AD2 /* hay_cart.png in Resources */,
				3F0FD7DB17A2C5FB00C85AD2 /* next_level.png in Resources */,
				3F0FD7DC17A2C5FB00C85AD2 /* rock.png in Resources */,
				3F0FD7DD17A2C5FB00C85AD2 /* seed_faded.png in Resources */,
				3F0FD7DE17A2C5FB00C85AD2 /* seed_gold.png in Resources */,
				3F0FD7DF17A2C5FB00C85AD2 /* seed.png in Resources */,
				3F0FD7E017A2C5FB00C85AD2 /* splash.png in Resources */,
				3F0FD7E117A2C5FB00C85AD2 /* title.png in Resources */,
				3F0FD7E217A2C5FB00C85AD2 /* tree.png in Resources */,
				3FD6CC8917A6A544005BA5BB /* ents@1x.json in Resources */,
				3F9CA63F17A83A4C000E8F2A /* MainStoryboard_iPad.storyboard in Resources */,
				3F9CA64117A8412C000E8F2A /* levels@2x.json in Resources */,
				3F9CA64317A8415E000E8F2A /* ents@2x.json in Resources */,
			);
			runOnlyForDeploymentPostprocessing = 0;
		};
/* End PBXResourcesBuildPhase section */

/* Begin PBXSourcesBuildPhase section */
		3F7F6E73179F12C500CBFC43 /* Sources */ = {
			isa = PBXSourcesBuildPhase;
			buildActionMask = 2147483647;
			files = (
				3F7F6E87179F12C500CBFC43 /* main.m in Sources */,
				3F7F6E8B179F12C500CBFC43 /* AppDelegate.m in Sources */,
				3F7F6E97179F12C600CBFC43 /* ViewController.m in Sources */,
				3F7F6EA2179F1B3E00CBFC43 /* Player.m in Sources */,
				3F55100417A0108100829498 /* Entity.m in Sources */,
			);
			runOnlyForDeploymentPostprocessing = 0;
		};
/* End PBXSourcesBuildPhase section */

/* Begin PBXVariantGroup section */
		3F7F6E83179F12C500CBFC43 /* InfoPlist.strings */ = {
			isa = PBXVariantGroup;
			children = (
				3F7F6E84179F12C500CBFC43 /* en */,
			);
			name = InfoPlist.strings;
			sourceTree = "<group>";
		};
		3F7F6E92179F12C600CBFC43 /* MainStoryboard_iPhone.storyboard */ = {
			isa = PBXVariantGroup;
			children = (
				3F7F6E93179F12C600CBFC43 /* en */,
			);
			name = MainStoryboard_iPhone.storyboard;
			sourceTree = "<group>";
		};
/* End PBXVariantGroup section */

/* Begin XCBuildConfiguration section */
		3F7F6E98179F12C600CBFC43 /* Debug */ = {
			isa = XCBuildConfiguration;
			buildSettings = {
				ALWAYS_SEARCH_USER_PATHS = NO;
				CLANG_CXX_LANGUAGE_STANDARD = "gnu++0x";
				CLANG_CXX_LIBRARY = "libc++";
				CLANG_ENABLE_OBJC_ARC = YES;
				CLANG_WARN_CONSTANT_CONVERSION = YES;
				CLANG_WARN_EMPTY_BODY = YES;
				CLANG_WARN_ENUM_CONVERSION = YES;
				CLANG_WARN_INT_CONVERSION = YES;
				CLANG_WARN__DUPLICATE_METHOD_MATCH = YES;
				"CODE_SIGN_IDENTITY[sdk=iphoneos*]" = "iPhone Developer";
				COPY_PHASE_STRIP = NO;
				GCC_C_LANGUAGE_STANDARD = gnu99;
				GCC_DYNAMIC_NO_PIC = NO;
				GCC_OPTIMIZATION_LEVEL = 0;
				GCC_PREPROCESSOR_DEFINITIONS = (
					"DEBUG=1",
					"$(inherited)",
				);
				GCC_SYMBOLS_PRIVATE_EXTERN = NO;
				GCC_WARN_ABOUT_RETURN_TYPE = YES;
				GCC_WARN_UNINITIALIZED_AUTOS = YES;
				GCC_WARN_UNUSED_VARIABLE = YES;
				IPHONEOS_DEPLOYMENT_TARGET = 6.1;
				ONLY_ACTIVE_ARCH = YES;
				SDKROOT = iphoneos;
			};
			name = Debug;
		};
		3F7F6E99179F12C600CBFC43 /* Release */ = {
			isa = XCBuildConfiguration;
			buildSettings = {
				ALWAYS_SEARCH_USER_PATHS = NO;
				CLANG_CXX_LANGUAGE_STANDARD = "gnu++0x";
				CLANG_CXX_LIBRARY = "libc++";
				CLANG_ENABLE_OBJC_ARC = YES;
				CLANG_WARN_CONSTANT_CONVERSION = YES;
				CLANG_WARN_EMPTY_BODY = YES;
				CLANG_WARN_ENUM_CONVERSION = YES;
				CLANG_WARN_INT_CONVERSION = YES;
				CLANG_WARN__DUPLICATE_METHOD_MATCH = YES;
				"CODE_SIGN_IDENTITY[sdk=iphoneos*]" = "iPhone Developer";
				COPY_PHASE_STRIP = YES;
				GCC_C_LANGUAGE_STANDARD = gnu99;
				GCC_WARN_ABOUT_RETURN_TYPE = YES;
				GCC_WARN_UNINITIALIZED_AUTOS = YES;
				GCC_WARN_UNUSED_VARIABLE = YES;
				IPHONEOS_DEPLOYMENT_TARGET = 6.1;
				OTHER_CFLAGS = "-DNS_BLOCK_ASSERTIONS=1";
				SDKROOT = iphoneos;
				VALIDATE_PRODUCT = YES;
			};
			name = Release;
		};
		3F7F6E9B179F12C600CBFC43 /* Debug */ = {
			isa = XCBuildConfiguration;
			buildSettings = {
				GCC_PRECOMPILE_PREFIX_HEADER = YES;
				GCC_PREFIX_HEADER = "simpleGame/simpleGame-Prefix.pch";
				INFOPLIST_FILE = "simpleGame/simpleGame-Info.plist";
				IPHONEOS_DEPLOYMENT_TARGET = 5.1;
				PRODUCT_NAME = "$(TARGET_NAME)";
				TARGETED_DEVICE_FAMILY = "1,2";
				WRAPPER_EXTENSION = app;
			};
			name = Debug;
		};
		3F7F6E9C179F12C600CBFC43 /* Release */ = {
			isa = XCBuildConfiguration;
			buildSettings = {
				GCC_PRECOMPILE_PREFIX_HEADER = YES;
				GCC_PREFIX_HEADER = "simpleGame/simpleGame-Prefix.pch";
				INFOPLIST_FILE = "simpleGame/simpleGame-Info.plist";
				IPHONEOS_DEPLOYMENT_TARGET = 5.1;
				PRODUCT_NAME = "$(TARGET_NAME)";
				TARGETED_DEVICE_FAMILY = "1,2";
				WRAPPER_EXTENSION = app;
			};
			name = Release;
		};
/* End XCBuildConfiguration section */

/* Begin XCConfigurationList section */
		3F7F6E72179F12C500CBFC43 /* Build configuration list for PBXProject "simpleGame" */ = {
			isa = XCConfigurationList;
			buildConfigurations = (
				3F7F6E98179F12C600CBFC43 /* Debug */,
				3F7F6E99179F12C600CBFC43 /* Release */,
			);
			defaultConfigurationIsVisible = 0;
			defaultConfigurationName = Release;
		};
		3F7F6E9A179F12C600CBFC43 /* Build configuration list for PBXNativeTarget "simpleGame" */ = {
			isa = XCConfigurationList;
			buildConfigurations = (
				3F7F6E9B179F12C600CBFC43 /* Debug */,
				3F7F6E9C179F12C600CBFC43 /* Release */,
			);
			defaultConfigurationIsVisible = 0;
			defaultConfigurationName = Release;
		};
/* End XCConfigurationList section */
	};
	rootObject = 3F7F6E6F179F12C500CBFC43 /* Project object */;
}
